
Microsoft Visual Studio Solution File, Format Version 12.00
# Visual Studio 14
VisualStudioVersion = 14.0.24720.0
MinimumVisualStudioVersion = 10.0.40219.1
Project("{FAE04EC0-301F-11D3-BF4B-00C04F79EFBC}") = "Algorytm wieżowy", "Algorytm wieżowy\Algorytm wieżowy.csproj", "{FEFE1FA9-749E-4A1B-B44A-E65A18C5AB9C}"
EndProject
Project("{FAE04EC0-301F-11D3-BF4B-00C04F79EFBC}") = "Ręka robota", "Ręka robota\Ręka robota.csproj", "{A07DA495-C0DF-4D99-87AE-C0EE4E1370D2}"
EndProject
Global
	GlobalSection(SolutionConfigurationPlatforms) = preSolution
		Debug|Any CPU = Debug|Any CPU
		Release|Any CPU = Release|Any CPU
	EndGlobalSection
	GlobalSection(ProjectConfigurationPlatforms) = postSolution
		{FEFE1FA9-749E-4A1B-B44A-E65A18C5AB9C}.Debug|Any CPU.ActiveCfg = Debug|Any CPU
		{FEFE1FA9-749E-4A1B-B44A-E65A18C5AB9C}.Debug|Any CPU.Build.0 = Debug|Any CPU
		{FEFE1FA9-749E-4A1B-B44A-E65A18C5AB9C}.Release|Any CPU.ActiveCfg = Release|Any CPU
		{FEFE1FA9-749E-4A1B-B44A-E65A18C5AB9C}.Release|Any CPU.Build.0 = Release|Any CPU
		{A07DA495-C0DF-4D99-87AE-C0EE4E1370D2}.Debug|Any CPU.ActiveCfg = Debug|Any CPU
		{A07DA495-C0DF-4D99-87AE-C0EE4E1370D2}.Debug|Any CPU.Build.0 = Debug|Any CPU
		{A07DA495-C0DF-4D99-87AE-C0EE4E1370D2}.Release|Any CPU.ActiveCfg = Release|Any CPU
		{A07DA495-C0DF-4D99-87AE-C0EE4E1370D2}.Release|Any CPU.Build.0 = Release|Any CPU
	EndGlobalSection
	GlobalSection(SolutionProperties) = preSolution
		HideSolutionNode = FALSE
	EndGlobalSection
EndGlobal
